
Microsoft Visual Studio Solution File, Format Version 12.00
# Visual Studio Version 17
VisualStudioVersion = 17.3.32929.385
MinimumVisualStudioVersion = 10.0.40219.1
Project("{FAE04EC0-301F-11D3-BF4B-00C04F79EFBC}") = "循环", "循环\循环.csproj", "{F1D53B85-20D9-47A5-A206-27E9CD4AFEB4}"
EndProject
Global
	GlobalSection(SolutionConfigurationPlatforms) = preSolution
		Debug|Any CPU = Debug|Any CPU
		Release|Any CPU = Release|Any CPU
	EndGlobalSection
	GlobalSection(ProjectConfigurationPlatforms) = postSolution
		{F1D53B85-20D9-47A5-A206-27E9CD4AFEB4}.Debug|Any CPU.ActiveCfg = Debug|Any CPU
		{F1D53B85-20D9-47A5-A206-27E9CD4AFEB4}.Debug|Any CPU.Build.0 = Debug|Any CPU
		{F1D53B85-20D9-47A5-A206-27E9CD4AFEB4}.Release|Any CPU.ActiveCfg = Release|Any CPU
		{F1D53B85-20D9-47A5-A206-27E9CD4AFEB4}.Release|Any CPU.Build.0 = Release|Any CPU
	EndGlobalSection
	GlobalSection(SolutionProperties) = preSolution
		HideSolutionNode = FALSE
	EndGlobalSection
	GlobalSection(ExtensibilityGlobals) = postSolution
		SolutionGuid = {27D5CF95-B673-4AB5-965F-1F459A1B9622}
	EndGlobalSection
EndGlobal
